# THIS IS AN AUTOGENERATED FILE. DO NOT EDIT THIS FILE DIRECTLY.
# yarn lockfile v1


"@types/unist@^2.0.0", "@types/unist@^2.0.2":
  version "2.0.3"
  resolved "https://registry.yarnpkg.com/@types/unist/-/unist-2.0.3.tgz#9c088679876f374eb5983f150d4787aa6fb32d7e"
  integrity sha512-FvUupuM3rlRsRtCN+fDudtmytGO6iHJuuRKS1Ss0pG5z8oX0diNEw94UEL7hgDbpN94rgaK5R7sWm6RrSkZuAQ==

co@3.1.0:
  version "3.1.0"
  resolved "https://registry.yarnpkg.com/co/-/co-3.1.0.tgz#4ea54ea5a08938153185e15210c68d9092bc1b78"
  integrity sha1-TqVOpaCJOBUxheFSEMaNkJK8G3g=

collapse-white-space@^1.0.4:
  version "1.0.6"
  resolved "https://registry.yarnpkg.com/collapse-white-space/-/collapse-white-space-1.0.6.tgz#e63629c0016665792060dbbeb79c42239d2c5287"
  integrity sha512-jEovNnrhMuqyCcjfEJA56v0Xq8SkIoPKDyaHahwo3POf4qcSXqMYuwNcOTzp74vTsR9Tn08z4MxWqAhcekogkQ==

fault@^1.0.1:
  version "1.0.4"
  resolved "https://registry.yarnpkg.com/fault/-/fault-1.0.4.tgz#eafcfc0a6d214fc94601e170df29954a4f842f13"
  integrity sha512-CJ0HCB5tL5fYTEA7ToAq5+kTwd++Borf1/bifxd9iT70QcXr4MRrO3Llf8Ifs70q+SJcGHFtnIE/Nw6giCtECA==
  dependencies:
    format "^0.2.0"

format@^0.2.0:
  version "0.2.2"
  resolved "https://registry.yarnpkg.com/format/-/format-0.2.2.tgz#d6170107e9efdc4ed30c9dc39016df942b5cb58b"
  integrity sha1-1hcBB+nv3E7TDJ3DkBbflCtctYs=

mdast-comment-marker@^1.0.0:
  version "1.1.2"
  resolved "https://registry.yarnpkg.com/mdast-comment-marker/-/mdast-comment-marker-1.1.2.tgz#5ad2e42cfcc41b92a10c1421a98c288d7b447a6d"
  integrity sha512-vTFXtmbbF3rgnTh3Zl3irso4LtvwUq/jaDvT2D1JqTGAwaipcS7RpTxzi6KjoRqI9n2yuAhzLDAC8xVTF3XYVQ==

mdast-util-heading-style@^1.0.2:
  version "1.0.6"
  resolved "https://registry.yarnpkg.com/mdast-util-heading-style/-/mdast-util-heading-style-1.0.6.tgz#6410418926fd5673d40f519406b35d17da10e3c5"
  integrity sha512-8ZuuegRqS0KESgjAGW8zTx4tJ3VNIiIaGFNEzFpRSAQBavVc7AvOo9I4g3crcZBfYisHs4seYh0rAVimO6HyOw==

mdast-util-to-string@^1.0.2:
  version "1.1.0"
  resolved "https://registry.yarnpkg.com/mdast-util-to-string/-/mdast-util-to-string-1.1.0.tgz#27055500103f51637bd07d01da01eb1967a43527"
  integrity sha512-jVU0Nr2B9X3MU4tSK7JP1CMkSvOj7X5l/GboG1tKRw52lLF1x2Ju92Ms9tNetCcbfX3hzlM73zYo2NKkWSfF/A==

pluralize@^8.0.0:
  version "8.0.0"
  resolved "https://registry.yarnpkg.com/pluralize/-/pluralize-8.0.0.tgz#1a6fa16a38d12a1901e0320fa017051c539ce3b1"
  integrity sha512-Nc3IT5yHzflTfbjgqWcCPpo7DaKy4FnpB0l/zCAW0Tc7jxAiuqSxHasntB3D7887LSrA93kDJ9IXovxJYxyLCA==

remark-frontmatter@^2.0.0:
  version "2.0.0"
  resolved "https://registry.yarnpkg.com/remark-frontmatter/-/remark-frontmatter-2.0.0.tgz#c9b8539c27cd23b1672c7e0fcbd5795eeedb4dc1"
  integrity sha512-uNOQt4tO14qBFWXenF0MLC4cqo3dv8qiHPGyjCl1rwOT0LomSHpcElbjjVh5CwzElInB38HD8aSRVugKQjeyHA==
  dependencies:
    fault "^1.0.1"

remark-lint-final-newline@^1.0.0:
  version "1.0.5"
  resolved "https://registry.yarnpkg.com/remark-lint-final-newline/-/remark-lint-final-newline-1.0.5.tgz#666f609a91f97c44f5ab7facf1fb3c5b3ffe398f"
  integrity sha512-rfLlW8+Fz2dqnaEgU4JwLA55CQF1T4mfSs/GwkkeUCGPenvEYwSkCN2KO2Gr1dy8qPoOdTFE1rSufLjmeTW5HA==
  dependencies:
    unified-lint-rule "^1.0.0"

remark-lint-hard-break-spaces@^2.0.0:
  version "2.0.1"
  resolved "https://registry.yarnpkg.com/remark-lint-hard-break-spaces/-/remark-lint-hard-break-spaces-2.0.1.tgz#2149b55cda17604562d040c525a2a0d26aeb0f0f"
  integrity sha512-Qfn/BMQFamHhtbfLrL8Co/dbYJFLRL4PGVXZ5wumkUO5f9FkZC2RsV+MD9lisvGTkJK0ZEJrVVeaPbUIFM0OAw==
  dependencies:
    unified-lint-rule "^1.0.0"
    unist-util-generated "^1.1.0"
    unist-util-position "^3.0.0"
    unist-util-visit "^2.0.0"

remark-lint-list-item-bullet-indent@^2.0.0:
  version "2.0.1"
  resolved "https://registry.yarnpkg.com/remark-lint-list-item-bullet-indent/-/remark-lint-list-item-bullet-indent-2.0.1.tgz#cc8b07ab32c7a6911952933cf0243fecaf8a1986"
  integrity sha512-tozDt9LChG1CvYJnBQH/oh45vNcHYBvg79ogvV0f8MtE/K0CXsM8EpfQ6pImFUdHpBV1op6aF6zPMrB0AkRhcQ==
  dependencies:
    pluralize "^8.0.0"
    unified-lint-rule "^1.0.0"
    unist-util-generated "^1.1.0"
    unist-util-position "^3.0.0"
    unist-util-visit "^2.0.0"

remark-lint-list-item-indent@^2.0.0:
  version "2.0.1"
  resolved "https://registry.yarnpkg.com/remark-lint-list-item-indent/-/remark-lint-list-item-indent-2.0.1.tgz#c6472514e17bc02136ca87936260407ada90bf8d"
  integrity sha512-4IKbA9GA14Q9PzKSQI6KEHU/UGO36CSQEjaDIhmb9UOhyhuzz4vWhnSIsxyI73n9nl9GGRAMNUSGzr4pQUFwTA==
  dependencies:
    pluralize "^8.0.0"
    unified-lint-rule "^1.0.0"
    unist-util-generated "^1.1.0"
    unist-util-position "^3.0.0"
    unist-util-visit "^2.0.0"

remark-lint-no-auto-link-without-protocol@^2.0.0:
  version "2.0.1"
  resolved "https://registry.yarnpkg.com/remark-lint-no-auto-link-without-protocol/-/remark-lint-no-auto-link-without-protocol-2.0.1.tgz#f75e5c24adb42385593e0d75ca39987edb70b6c4"
  integrity sha512-TFcXxzucsfBb/5uMqGF1rQA+WJJqm1ZlYQXyvJEXigEZ8EAxsxZGPb/gOQARHl/y0vymAuYxMTaChavPKaBqpQ==
  dependencies:
    mdast-util-to-string "^1.0.2"
    unified-lint-rule "^1.0.0"
    unist-util-generated "^1.1.0"
    unist-util-position "^3.0.0"
    unist-util-visit "^2.0.0"

remark-lint-no-blockquote-without-marker@^3.0.0:
  version "3.0.1"
  resolved "https://registry.yarnpkg.com/remark-lint-no-blockquote-without-marker/-/remark-lint-no-blockquote-without-marker-3.0.1.tgz#fb1d5a87ee6f21b731bb2ee52df55632c519a5eb"
  integrity sha512-sM953+u0zN90SGd2V5hWcFbacbpaROUslS5Q5F7/aa66/2rAwh6zVnrXc4pf7fFOpj7I9Xa8Aw+uB+3RJWwdrQ==
  dependencies:
    unified-lint-rule "^1.0.0"
    unist-util-generated "^1.1.0"
    unist-util-position "^3.0.0"
    unist-util-visit "^2.0.0"
    vfile-location "^3.0.0"

remark-lint-no-duplicate-definitions@^2.0.0:
  version "2.0.1"
  resolved "https://registry.yarnpkg.com/remark-lint-no-duplicate-definitions/-/remark-lint-no-duplicate-definitions-2.0.1.tgz#588039881f63fe01df69d3b64265760b3e83b477"
  integrity sha512-XL22benJZB01m+aOse91nsu1IMFqeWJWme9QvoJuxIcBROO1BG1VoqLOkwNcawE/M/0CkvTo5rfx0eMlcnXOIw==
  dependencies:
    unified-lint-rule "^1.0.0"
    unist-util-generated "^1.1.0"
    unist-util-position "^3.0.0"
    unist-util-stringify-position "^2.0.0"
    unist-util-visit "^2.0.0"

remark-lint-no-heading-content-indent@^2.0.0:
  version "2.0.1"
  resolved "https://registry.yarnpkg.com/remark-lint-no-heading-content-indent/-/remark-lint-no-heading-content-indent-2.0.1.tgz#2f3bd39af31aa034f5c5b0fec1a54f438fff7352"
  integrity sha512-Jp0zCykGwg13z7XU4VuoFK7DN8bVZ1u3Oqu3hqECsH6LMASb0tW4zcTIc985kcVo3OQTRyb6KLQXL2ltOvppKA==
  dependencies:
    mdast-util-heading-style "^1.0.2"
    pluralize "^8.0.0"
    unified-lint-rule "^1.0.0"
    unist-util-generated "^1.1.0"
    unist-util-position "^3.0.0"
    unist-util-visit "^2.0.0"

remark-lint-no-inline-padding@^2.0.0:
  version "2.0.1"
  resolved "https://registry.yarnpkg.com/remark-lint-no-inline-padding/-/remark-lint-no-inline-padding-2.0.1.tgz#630b546566d34bde87943da318a80fc7ff856f1f"
  integrity sha512-a36UlPvRrLCgxjjG3YZA9VCDvLBcoBtGNyM04VeCPz+d9hHe+5Fs1C/jL+DRLCH7nff90jJ5C/9b8/LTwhjaWA==
  dependencies:
    mdast-util-to-string "^1.0.2"
    unified-lint-rule "^1.0.0"
    unist-util-generated "^1.1.0"
    unist-util-visit "^2.0.0"

remark-lint-no-literal-urls@^2.0.0:
  version "2.0.1"
  resolved "https://registry.yarnpkg.com/remark-lint-no-literal-urls/-/remark-lint-no-literal-urls-2.0.1.tgz#731908f9866c1880e6024dcee1269fb0f40335d6"
  integrity sha512-IDdKtWOMuKVQIlb1CnsgBoyoTcXU3LppelDFAIZePbRPySVHklTtuK57kacgU5grc7gPM04bZV96eliGrRU7Iw==
  dependencies:
    mdast-util-to-string "^1.0.2"
    unified-lint-rule "^1.0.0"
    unist-util-generated "^1.1.0"
    unist-util-position "^3.0.0"
    unist-util-visit "^2.0.0"

remark-lint-no-shortcut-reference-image@^2.0.0:
  version "2.0.1"
  resolved "https://registry.yarnpkg.com/remark-lint-no-shortcut-reference-image/-/remark-lint-no-shortcut-reference-image-2.0.1.tgz#d174d12a57e8307caf6232f61a795bc1d64afeaa"
  integrity sha512-2jcZBdnN6ecP7u87gkOVFrvICLXIU5OsdWbo160FvS/2v3qqqwF2e/n/e7D9Jd+KTq1mR1gEVVuTqkWWuh3cig==
  dependencies:
    unified-lint-rule "^1.0.0"
    unist-util-generated "^1.1.0"
    unist-util-visit "^2.0.0"

remark-lint-no-shortcut-reference-link@^2.0.0:
  version "2.0.1"
  resolved "https://registry.yarnpkg.com/remark-lint-no-shortcut-reference-link/-/remark-lint-no-shortcut-reference-link-2.0.1.tgz#8f963f81036e45cfb7061b3639e9c6952308bc94"
  integrity sha512-pTZbslG412rrwwGQkIboA8wpBvcjmGFmvugIA+UQR+GfFysKtJ5OZMPGJ98/9CYWjw9Z5m0/EktplZ5TjFjqwA==
  dependencies:
    unified-lint-rule "^1.0.0"
    unist-util-generated "^1.1.0"
    unist-util-visit "^2.0.0"

remark-lint-no-undefined-references@^2.0.0:
  version "2.0.1"
  resolved "https://registry.yarnpkg.com/remark-lint-no-undefined-references/-/remark-lint-no-undefined-references-2.0.1.tgz#4b2ac02db0740359ca0749fdb35cf648f8673385"
  integrity sha512-tXM2ctFnduC3QcskrIePUajcjtNtBmo2dvlj4aoQJtQy09Soav/rYngb8u/SgERc6Irdmm5s55UAwR9CcSrzVg==
  dependencies:
    collapse-white-space "^1.0.4"
    unified-lint-rule "^1.0.0"
    unist-util-generated "^1.1.0"
    unist-util-visit "^2.0.0"

remark-lint-no-unused-definitions@^2.0.0:
  version "2.0.1"
  resolved "https://registry.yarnpkg.com/remark-lint-no-unused-definitions/-/remark-lint-no-unused-definitions-2.0.1.tgz#ba45d9105b61b77ae02b92d3d339a638ab4ed59a"
  integrity sha512-+BMc0BOjc364SvKYLkspmxDch8OaKPbnUGgQBvK0Bmlwy42baR4C9zhwAWBxm0SBy5Z4AyM4G4jKpLXPH40Oxg==
  dependencies:
    unified-lint-rule "^1.0.0"
    unist-util-generated "^1.1.0"
    unist-util-visit "^2.0.0"

remark-lint-ordered-list-marker-style@^2.0.0:
  version "2.0.1"
  resolved "https://registry.yarnpkg.com/remark-lint-ordered-list-marker-style/-/remark-lint-ordered-list-marker-style-2.0.1.tgz#183c31967e6f2ae8ef00effad03633f7fd00ffaa"
  integrity sha512-Cnpw1Dn9CHn+wBjlyf4qhPciiJroFOEGmyfX008sQ8uGoPZsoBVIJx76usnHklojSONbpjEDcJCjnOvfAcWW1A==
  dependencies:
    unified-lint-rule "^1.0.0"
    unist-util-generated "^1.1.0"
    unist-util-position "^3.0.0"
    unist-util-visit "^2.0.0"

remark-lint@^7.0.0:
  version "7.0.1"
  resolved "https://registry.yarnpkg.com/remark-lint/-/remark-lint-7.0.1.tgz#665a5cbea9f7c95e64593f69bb6816ee8343ffdf"
  integrity sha512-caZXo3qhuBxzvq9JSJFVQ/ERDq/6TJVgWn0KDwKOIJCGOuLXfQhby5XttUq+Rn7kLbNMtvwfWHJlte14LpaeXQ==
  dependencies:
    remark-message-control "^6.0.0"

remark-message-control@^6.0.0:
  version "6.0.0"
  resolved "https://registry.yarnpkg.com/remark-message-control/-/remark-message-control-6.0.0.tgz#955b054b38c197c9f2e35b1d88a4912949db7fc5"
  integrity sha512-k9bt7BYc3G7YBdmeAhvd3VavrPa/XlKWR3CyHjr4sLO9xJyly8WHHT3Sp+8HPR8lEUv+/sZaffL7IjMLV0f6BA==
  dependencies:
    mdast-comment-marker "^1.0.0"
    unified-message-control "^3.0.0"

remark-preset-cozy@^1.1.0:
  version "1.1.0"
  resolved "https://registry.yarnpkg.com/remark-preset-cozy/-/remark-preset-cozy-1.1.0.tgz#e4ff0457063934ce5246600d44c09f1e9066b31b"
  integrity sha512-XRu/Cl6CUJgvvGTqt1S24dKfxJooefO3LXyJbGbX0X9Nw2UQhtTPnM15cplgvxOPPkFNtduWnWANjIiG4kGAKQ==
  dependencies:
    remark-preset-lint-recommended "^4.0.1"

remark-preset-lint-recommended@^4.0.1:
  version "4.0.1"
  resolved "https://registry.yarnpkg.com/remark-preset-lint-recommended/-/remark-preset-lint-recommended-4.0.1.tgz#2077b38706759277c0eb304c57453ebfa3e63207"
  integrity sha512-zn+ImQbOVcAQVWLL0R0rFQ2Wy8JyWnuU3mJ8Zh0EVOckglcxByssvTbKqPih3Lh8ogpE38EfnC3a/vshj4Jx6A==
  dependencies:
    remark-lint "^7.0.0"
    remark-lint-final-newline "^1.0.0"
    remark-lint-hard-break-spaces "^2.0.0"
    remark-lint-list-item-bullet-indent "^2.0.0"
    remark-lint-list-item-indent "^2.0.0"
    remark-lint-no-auto-link-without-protocol "^2.0.0"
    remark-lint-no-blockquote-without-marker "^3.0.0"
    remark-lint-no-duplicate-definitions "^2.0.0"
    remark-lint-no-heading-content-indent "^2.0.0"
    remark-lint-no-inline-padding "^2.0.0"
    remark-lint-no-literal-urls "^2.0.0"
    remark-lint-no-shortcut-reference-image "^2.0.0"
    remark-lint-no-shortcut-reference-link "^2.0.0"
    remark-lint-no-undefined-references "^2.0.0"
    remark-lint-no-unused-definitions "^2.0.0"
    remark-lint-ordered-list-marker-style "^2.0.0"

sliced@^1.0.1:
  version "1.0.1"
  resolved "https://registry.yarnpkg.com/sliced/-/sliced-1.0.1.tgz#0b3a662b5d04c3177b1926bea82b03f837a2ef41"
  integrity sha1-CzpmK10Ewxd7GSa+qCsD+Dei70E=

unified-lint-rule@^1.0.0:
  version "1.0.6"
  resolved "https://registry.yarnpkg.com/unified-lint-rule/-/unified-lint-rule-1.0.6.tgz#b4ab801ff93c251faa917a8d1c10241af030de84"
  integrity sha512-YPK15YBFwnsVorDFG/u0cVVQN5G2a3V8zv5/N6KN3TCG+ajKtaALcy7u14DCSrJI+gZeyYquFL9cioJXOGXSvg==
  dependencies:
    wrapped "^1.0.1"

unified-message-control@^3.0.0:
  version "3.0.1"
  resolved "https://registry.yarnpkg.com/unified-message-control/-/unified-message-control-3.0.1.tgz#7018855daea9af96082cbea35970d48c9c4dbbf2"
  integrity sha512-K2Kvvp1DBzeuxYLLsumZh/gDWUTl4e2z/P3VReFirC78cfHKtQifbhnfRrSBtKtd1Uc6cvYTW0/SZIUaMAEcTg==
  dependencies:
    unist-util-visit "^2.0.0"
    vfile-location "^3.0.0"

unist-util-generated@^1.1.0:
  version "1.1.5"
  resolved "https://registry.yarnpkg.com/unist-util-generated/-/unist-util-generated-1.1.5.tgz#1e903e68467931ebfaea386dae9ea253628acd42"
  integrity sha512-1TC+NxQa4N9pNdayCYA1EGUOCAO0Le3fVp7Jzns6lnua/mYgwHo0tz5WUAfrdpNch1RZLHc61VZ1SDgrtNXLSw==

unist-util-is@^4.0.0:
  version "4.0.2"
  resolved "https://registry.yarnpkg.com/unist-util-is/-/unist-util-is-4.0.2.tgz#c7d1341188aa9ce5b3cff538958de9895f14a5de"
  integrity sha512-Ofx8uf6haexJwI1gxWMGg6I/dLnF2yE+KibhD3/diOqY2TinLcqHXCV6OI5gFVn3xQqDH+u0M625pfKwIwgBKQ==

unist-util-position@^3.0.0:
  version "3.1.0"
  resolved "https://registry.yarnpkg.com/unist-util-position/-/unist-util-position-3.1.0.tgz#1c42ee6301f8d52f47d14f62bbdb796571fa2d47"
  integrity sha512-w+PkwCbYSFw8vpgWD0v7zRCl1FpY3fjDSQ3/N/wNd9Ffa4gPi8+4keqt99N3XW6F99t/mUzp2xAhNmfKWp95QA==

unist-util-stringify-position@^2.0.0:
  version "2.0.3"
  resolved "https://registry.yarnpkg.com/unist-util-stringify-position/-/unist-util-stringify-position-2.0.3.tgz#cce3bfa1cdf85ba7375d1d5b17bdc4cada9bd9da"
  integrity sha512-3faScn5I+hy9VleOq/qNbAd6pAx7iH5jYBMS9I1HgQVijz/4mv5Bvw5iw1sC/90CODiKo81G/ps8AJrISn687g==
  dependencies:
    "@types/unist" "^2.0.2"

unist-util-visit-parents@^3.0.0:
  version "3.1.0"
  resolved "https://registry.yarnpkg.com/unist-util-visit-parents/-/unist-util-visit-parents-3.1.0.tgz#4dd262fb9dcfe44f297d53e882fc6ff3421173d5"
  integrity sha512-0g4wbluTF93npyPrp/ymd3tCDTMnP0yo2akFD2FIBAYXq/Sga3lwaU1D8OYKbtpioaI6CkDcQ6fsMnmtzt7htw==
  dependencies:
    "@types/unist" "^2.0.0"
    unist-util-is "^4.0.0"

unist-util-visit@^2.0.0:
  version "2.0.3"
  resolved "https://registry.yarnpkg.com/unist-util-visit/-/unist-util-visit-2.0.3.tgz#c3703893146df47203bb8a9795af47d7b971208c"
  integrity sha512-iJ4/RczbJMkD0712mGktuGpm/U4By4FfDonL7N/9tATGIF4imikjOuagyMY53tnZq3NP6BcmlrHhEKAfGWjh7Q==
  dependencies:
    "@types/unist" "^2.0.0"
    unist-util-is "^4.0.0"
    unist-util-visit-parents "^3.0.0"

vfile-location@^3.0.0:
  version "3.1.0"
  resolved "https://registry.yarnpkg.com/vfile-location/-/vfile-location-3.1.0.tgz#81cd8a04b0ac935185f4fce16f270503fc2f692f"
  integrity sha512-FCZ4AN9xMcjFIG1oGmZKo61PjwJHRVA+0/tPUP2ul4uIwjGGndIxavEMRpWn5p4xwm/ZsdXp9YNygf1ZyE4x8g==

wrapped@^1.0.1:
  version "1.0.1"
  resolved "https://registry.yarnpkg.com/wrapped/-/wrapped-1.0.1.tgz#c783d9d807b273e9b01e851680a938c87c907242"
  integrity sha1-x4PZ2Aeyc+mwHoUWgKk4yHyQckI=
  dependencies:
    co "3.1.0"
    sliced "^1.0.1"
